<?xml version="1.0" encoding="utf-8"?>
<Project ToolsVersion="4.0" xmlns="http://schemas.microsoft.com/developer/msbuild/2003">
  <ItemGroup>
    <Filter Include="src">
      <UniqueIdentifier>{7c4de90f-a198-498d-baf2-3a7a98734e32}</UniqueIdentifier>
    </Filter>
    <Filter Include="src\detail">
      <UniqueIdentifier>{fda3a77e-58c8-45fe-86bf-d4108aaada90}</UniqueIdentifier>
    </Filter>
  </ItemGroup>
  <ItemGroup>
    <ClCompile Include="..\src\detail\exception.cpp">
      <Filter>src\detail</Filter>
    </ClCompile>
    <ClCompile Include="..\src\backup.cpp">
      <Filter>src</Filter>
    </ClCompile>
    <ClCompile Include="..\src\blob.cpp">
      <Filter>src</Filter>
    </ClCompile>
    <ClCompile Include="..\src\connection.cpp">
      <Filter>src</Filter>
    </ClCompile>
    <ClCompile Include="..\src\error.cpp">
      <Filter>src</Filter>
    </ClCompile>
    <ClCompile Include="..\src\ext.cpp">
      <Filter>src</Filter>
    </ClCompile>
    <ClCompile Include="..\src\field.cpp">
      <Filter>src</Filter>
    </ClCompile>
    <ClCompile Include="..\src\meta_data.cpp">
      <Filter>src</Filter>
    </ClCompile>
    <ClCompile Include="..\src\resultset.cpp">
      <Filter>src</Filter>
    </ClCompile>
    <ClCompile Include="..\src\row.cpp">
      <Filter>src</Filter>
    </ClCompile>
    <ClCompile Include="..\src\value.cpp">
      <Filter>src</Filter>
    </ClCompile>
  </ItemGroup>
</Project>